
Microsoft Visual Studio Solution File, Format Version 12.00
# Visual Studio 14
VisualStudioVersion = 14.0.25420.1
MinimumVisualStudioVersion = 10.0.40219.1
Project("{FAE04EC0-301F-11D3-BF4B-00C04F79EFBC}") = "Joystick", "Joystick\Joystick.csproj", "{373593E7-D42F-4354-9B5A-3866AD013FBB}"
EndProject
Project("{FAE04EC0-301F-11D3-BF4B-00C04F79EFBC}") = "Button", "Button\Button.csproj", "{88BC09A6-349D-4D51-AB8C-F787AD2B2C00}"
EndProject
Project("{FAE04EC0-301F-11D3-BF4B-00C04F79EFBC}") = "TemperatureSensor", "TemperatureSensor\TemperatureSensor.csproj", "{75A7AFE5-C5A8-4BE2-ADBE-B29C07C260CA}"
EndProject
Project("{FAE04EC0-301F-11D3-BF4B-00C04F79EFBC}") = "Services", "Services\Services.csproj", "{CE3123E5-3CB1-49B2-BB2A-E8551F4DC61B}"
EndProject
Global
	GlobalSection(SolutionConfigurationPlatforms) = preSolution
		Debug|Any CPU = Debug|Any CPU
		Debug|ARM = Debug|ARM
		Debug|x64 = Debug|x64
		Debug|x86 = Debug|x86
		Release|Any CPU = Release|Any CPU
		Release|ARM = Release|ARM
		Release|x64 = Release|x64
		Release|x86 = Release|x86
	EndGlobalSection
	GlobalSection(ProjectConfigurationPlatforms) = postSolution
		{373593E7-D42F-4354-9B5A-3866AD013FBB}.Debug|Any CPU.ActiveCfg = Debug|x86
		{373593E7-D42F-4354-9B5A-3866AD013FBB}.Debug|ARM.ActiveCfg = Debug|ARM
		{373593E7-D42F-4354-9B5A-3866AD013FBB}.Debug|ARM.Build.0 = Debug|ARM
		{373593E7-D42F-4354-9B5A-3866AD013FBB}.Debug|ARM.Deploy.0 = Debug|ARM
		{373593E7-D42F-4354-9B5A-3866AD013FBB}.Debug|x64.ActiveCfg = Debug|x64
		{373593E7-D42F-4354-9B5A-3866AD013FBB}.Debug|x64.Build.0 = Debug|x64
		{373593E7-D42F-4354-9B5A-3866AD013FBB}.Debug|x64.Deploy.0 = Debug|x64
		{373593E7-D42F-4354-9B5A-3866AD013FBB}.Debug|x86.ActiveCfg = Debug|x86
		{373593E7-D42F-4354-9B5A-3866AD013FBB}.Debug|x86.Build.0 = Debug|x86
		{373593E7-D42F-4354-9B5A-3866AD013FBB}.Debug|x86.Deploy.0 = Debug|x86
		{373593E7-D42F-4354-9B5A-3866AD013FBB}.Release|Any CPU.ActiveCfg = Release|x86
		{373593E7-D42F-4354-9B5A-3866AD013FBB}.Release|ARM.ActiveCfg = Release|ARM
		{373593E7-D42F-4354-9B5A-3866AD013FBB}.Release|ARM.Build.0 = Release|ARM
		{373593E7-D42F-4354-9B5A-3866AD013FBB}.Release|ARM.Deploy.0 = Release|ARM
		{373593E7-D42F-4354-9B5A-3866AD013FBB}.Release|x64.ActiveCfg = Release|x64
		{373593E7-D42F-4354-9B5A-3866AD013FBB}.Release|x64.Build.0 = Release|x64
		{373593E7-D42F-4354-9B5A-3866AD013FBB}.Release|x64.Deploy.0 = Release|x64
		{373593E7-D42F-4354-9B5A-3866AD013FBB}.Release|x86.ActiveCfg = Release|x86
		{373593E7-D42F-4354-9B5A-3866AD013FBB}.Release|x86.Build.0 = Release|x86
		{373593E7-D42F-4354-9B5A-3866AD013FBB}.Release|x86.Deploy.0 = Release|x86
		{88BC09A6-349D-4D51-AB8C-F787AD2B2C00}.Debug|Any CPU.ActiveCfg = Debug|x86
		{88BC09A6-349D-4D51-AB8C-F787AD2B2C00}.Debug|ARM.ActiveCfg = Debug|ARM
		{88BC09A6-349D-4D51-AB8C-F787AD2B2C00}.Debug|ARM.Build.0 = Debug|ARM
		{88BC09A6-349D-4D51-AB8C-F787AD2B2C00}.Debug|ARM.Deploy.0 = Debug|ARM
		{88BC09A6-349D-4D51-AB8C-F787AD2B2C00}.Debug|x64.ActiveCfg = Debug|x64
		{88BC09A6-349D-4D51-AB8C-F787AD2B2C00}.Debug|x64.Build.0 = Debug|x64
		{88BC09A6-349D-4D51-AB8C-F787AD2B2C00}.Debug|x64.Deploy.0 = Debug|x64
		{88BC09A6-349D-4D51-AB8C-F787AD2B2C00}.Debug|x86.ActiveCfg = Debug|x86
		{88BC09A6-349D-4D51-AB8C-F787AD2B2C00}.Debug|x86.Build.0 = Debug|x86
		{88BC09A6-349D-4D51-AB8C-F787AD2B2C00}.Debug|x86.Deploy.0 = Debug|x86
		{88BC09A6-349D-4D51-AB8C-F787AD2B2C00}.Release|Any CPU.ActiveCfg = Release|x86
		{88BC09A6-349D-4D51-AB8C-F787AD2B2C00}.Release|ARM.ActiveCfg = Release|ARM
		{88BC09A6-349D-4D51-AB8C-F787AD2B2C00}.Release|ARM.Build.0 = Release|ARM
		{88BC09A6-349D-4D51-AB8C-F787AD2B2C00}.Release|ARM.Deploy.0 = Release|ARM
		{88BC09A6-349D-4D51-AB8C-F787AD2B2C00}.Release|x64.ActiveCfg = Release|x64
		{88BC09A6-349D-4D51-AB8C-F787AD2B2C00}.Release|x64.Build.0 = Release|x64
		{88BC09A6-349D-4D51-AB8C-F787AD2B2C00}.Release|x64.Deploy.0 = Release|x64
		{88BC09A6-349D-4D51-AB8C-F787AD2B2C00}.Release|x86.ActiveCfg = Release|x86
		{88BC09A6-349D-4D51-AB8C-F787AD2B2C00}.Release|x86.Build.0 = Release|x86
		{88BC09A6-349D-4D51-AB8C-F787AD2B2C00}.Release|x86.Deploy.0 = Release|x86
		{75A7AFE5-C5A8-4BE2-ADBE-B29C07C260CA}.Debug|Any CPU.ActiveCfg = Debug|x86
		{75A7AFE5-C5A8-4BE2-ADBE-B29C07C260CA}.Debug|ARM.ActiveCfg = Debug|ARM
		{75A7AFE5-C5A8-4BE2-ADBE-B29C07C260CA}.Debug|ARM.Build.0 = Debug|ARM
		{75A7AFE5-C5A8-4BE2-ADBE-B29C07C260CA}.Debug|ARM.Deploy.0 = Debug|ARM
		{75A7AFE5-C5A8-4BE2-ADBE-B29C07C260CA}.Debug|x64.ActiveCfg = Debug|x64
		{75A7AFE5-C5A8-4BE2-ADBE-B29C07C260CA}.Debug|x64.Build.0 = Debug|x64
		{75A7AFE5-C5A8-4BE2-ADBE-B29C07C260CA}.Debug|x64.Deploy.0 = Debug|x64
		{75A7AFE5-C5A8-4BE2-ADBE-B29C07C260CA}.Debug|x86.ActiveCfg = Debug|x86
		{75A7AFE5-C5A8-4BE2-ADBE-B29C07C260CA}.Debug|x86.Build.0 = Debug|x86
		{75A7AFE5-C5A8-4BE2-ADBE-B29C07C260CA}.Debug|x86.Deploy.0 = Debug|x86
		{75A7AFE5-C5A8-4BE2-ADBE-B29C07C260CA}.Release|Any CPU.ActiveCfg = Release|x86
		{75A7AFE5-C5A8-4BE2-ADBE-B29C07C260CA}.Release|ARM.ActiveCfg = Release|ARM
		{75A7AFE5-C5A8-4BE2-ADBE-B29C07C260CA}.Release|ARM.Build.0 = Release|ARM
		{75A7AFE5-C5A8-4BE2-ADBE-B29C07C260CA}.Release|ARM.Deploy.0 = Release|ARM
		{75A7AFE5-C5A8-4BE2-ADBE-B29C07C260CA}.Release|x64.ActiveCfg = Release|x64
		{75A7AFE5-C5A8-4BE2-ADBE-B29C07C260CA}.Release|x64.Build.0 = Release|x64
		{75A7AFE5-C5A8-4BE2-ADBE-B29C07C260CA}.Release|x64.Deploy.0 = Release|x64
		{75A7AFE5-C5A8-4BE2-ADBE-B29C07C260CA}.Release|x86.ActiveCfg = Release|x86
		{75A7AFE5-C5A8-4BE2-ADBE-B29C07C260CA}.Release|x86.Build.0 = Release|x86
		{75A7AFE5-C5A8-4BE2-ADBE-B29C07C260CA}.Release|x86.Deploy.0 = Release|x86
		{CE3123E5-3CB1-49B2-BB2A-E8551F4DC61B}.Debug|Any CPU.ActiveCfg = Debug|Any CPU
		{CE3123E5-3CB1-49B2-BB2A-E8551F4DC61B}.Debug|Any CPU.Build.0 = Debug|Any CPU
		{CE3123E5-3CB1-49B2-BB2A-E8551F4DC61B}.Debug|ARM.ActiveCfg = Debug|ARM
		{CE3123E5-3CB1-49B2-BB2A-E8551F4DC61B}.Debug|ARM.Build.0 = Debug|ARM
		{CE3123E5-3CB1-49B2-BB2A-E8551F4DC61B}.Debug|x64.ActiveCfg = Debug|x64
		{CE3123E5-3CB1-49B2-BB2A-E8551F4DC61B}.Debug|x64.Build.0 = Debug|x64
		{CE3123E5-3CB1-49B2-BB2A-E8551F4DC61B}.Debug|x86.ActiveCfg = Debug|x86
		{CE3123E5-3CB1-49B2-BB2A-E8551F4DC61B}.Debug|x86.Build.0 = Debug|x86
		{CE3123E5-3CB1-49B2-BB2A-E8551F4DC61B}.Release|Any CPU.ActiveCfg = Release|Any CPU
		{CE3123E5-3CB1-49B2-BB2A-E8551F4DC61B}.Release|Any CPU.Build.0 = Release|Any CPU
		{CE3123E5-3CB1-49B2-BB2A-E8551F4DC61B}.Release|ARM.ActiveCfg = Release|ARM
		{CE3123E5-3CB1-49B2-BB2A-E8551F4DC61B}.Release|ARM.Build.0 = Release|ARM
		{CE3123E5-3CB1-49B2-BB2A-E8551F4DC61B}.Release|x64.ActiveCfg = Release|x64
		{CE3123E5-3CB1-49B2-BB2A-E8551F4DC61B}.Release|x64.Build.0 = Release|x64
		{CE3123E5-3CB1-49B2-BB2A-E8551F4DC61B}.Release|x86.ActiveCfg = Release|x86
		{CE3123E5-3CB1-49B2-BB2A-E8551F4DC61B}.Release|x86.Build.0 = Release|x86
	EndGlobalSection
	GlobalSection(SolutionProperties) = preSolution
		HideSolutionNode = FALSE
	EndGlobalSection
EndGlobal
